Microsoft Visual Studio Solution File, Format Version 12.00
# Visual Studio Version 17
VisualStudioVersion = 17.5.2.0
MinimumVisualStudioVersion = 10.0.40219.1
Project("{2150E333-8FDC-42A3-9474-1A3956D46DE8}") = "day-1-data-types", "day-1-data-types", "{7222808A-EEF8-370C-94CE-1BFFADD49B14}"
EndProject
Project("{FAE04EC0-301F-11D3-BF4B-00C04F79EFBC}") = "Program", "day-1-data-types\Program\Program.csproj", "{462BEF2F-AB6E-3140-1FAA-17E5C0385549}"
EndProject
Global
	GlobalSection(SolutionConfigurationPlatforms) = preSolution
		Debug|Any CPU = Debug|Any CPU
		Release|Any CPU = Release|Any CPU
	EndGlobalSection
	GlobalSection(ProjectConfigurationPlatforms) = postSolution
		{462BEF2F-AB6E-3140-1FAA-17E5C0385549}.Debug|Any CPU.ActiveCfg = Debug|Any CPU
		{462BEF2F-AB6E-3140-1FAA-17E5C0385549}.Debug|Any CPU.Build.0 = Debug|Any CPU
		{462BEF2F-AB6E-3140-1FAA-17E5C0385549}.Release|Any CPU.ActiveCfg = Release|Any CPU
		{462BEF2F-AB6E-3140-1FAA-17E5C0385549}.Release|Any CPU.Build.0 = Release|Any CPU
	EndGlobalSection
	GlobalSection(SolutionProperties) = preSolution
		HideSolutionNode = FALSE
	EndGlobalSection
	GlobalSection(NestedProjects) = preSolution
		{462BEF2F-AB6E-3140-1FAA-17E5C0385549} = {7222808A-EEF8-370C-94CE-1BFFADD49B14}
	EndGlobalSection
	GlobalSection(ExtensibilityGlobals) = postSolution
		SolutionGuid = {48A570E9-8773-48ED-A565-14353BF7DA9B}
	EndGlobalSection
EndGlobal
